// !$*UTF8*$!
{
	archiveVersion = 1;
	classes = {
	};
	objectVersion = 46;
	objects = {

/* Begin PBXBuildFile section */
		C02A56891AA38678004447FB /* AppDelegate.swift in Sources */ = {isa = PBXBuildFile; fileRef = C02A56881AA38678004447FB /* AppDelegate.swift */; };
		C02A568E1AA38678004447FB /* Main.storyboard in Resources */ = {isa = PBXBuildFile; fileRef = C02A568C1AA38678004447FB /* Main.storyboard */; };
		C02A56901AA38678004447FB /* Images.xcassets in Resources */ = {isa = PBXBuildFile; fileRef = C02A568F1AA38678004447FB /* Images.xcassets */; };
		C02A56931AA38678004447FB /* LaunchScreen.xib in Resources */ = {isa = PBXBuildFile; fileRef = C02A56911AA38678004447FB /* LaunchScreen.xib */; };
		C02A569F1AA38678004447FB /* HappinessTests.swift in Sources */ = {isa = PBXBuildFile; fileRef = C02A569E1AA38678004447FB /* HappinessTests.swift */; };
		C02A56A91AA386B4004447FB /* HappinessViewController.swift in Sources */ = {isa = PBXBuildFile; fileRef = C02A56A81AA386B4004447FB /* HappinessViewController.swift */; };
		C02A56AB1AA386E8004447FB /* FaceView.swift in Sources */ = {isa = PBXBuildFile; fileRef = C02A56AA1AA386E8004447FB /* FaceView.swift */; };
/* End PBXBuildFile section */

/* Begin PBXContainerItemProxy section */
		C02A56991AA38678004447FB /* PBXContainerItemProxy */ = {
			isa = PBXContainerItemProxy;
			containerPortal = C02A567B1AA38678004447FB /* Project object */;
			proxyType = 1;
			remoteGlobalIDString = C02A56821AA38678004447FB;
			remoteInfo = Happiness;
		};
/* End PBXContainerItemProxy section */

/* Begin PBXFileReference section */
		C02A56831AA38678004447FB /* Happiness.app */ = {isa = PBXFileReference; explicitFileType = wrapper.application; includeInIndex = 0; path = Happiness.app; sourceTree = BUILT_PRODUCTS_DIR; };
		C02A56871AA38678004447FB /* Info.plist */ = {isa = PBXFileReference; lastKnownFileType = text.plist.xml; path = Info.plist; sourceTree = "<group>"; };
		C02A56881AA38678004447FB /* AppDelegate.swift */ = {isa = PBXFileReference; lastKnownFileType = sourcecode.swift; path = AppDelegate.swift; sourceTree = "<group>"; };
		C02A568D1AA38678004447FB /* Base */ = {isa = PBXFileReference; lastKnownFileType = file.storyboard; name = Base; path = Base.lproj/Main.storyboard; sourceTree = "<group>"; };
		C02A568F1AA38678004447FB /* Images.xcassets */ = {isa = PBXFileReference; lastKnownFileType = folder.assetcatalog; path = Images.xcassets; sourceTree = "<group>"; };
		C02A56921AA38678004447FB /* Base */ = {isa = PBXFileReference; lastKnownFileType = file.xib; name = Base; path = Base.lproj/LaunchScreen.xib; sourceTree = "<group>"; };
		C02A56981AA38678004447FB /* HappinessTests.xctest */ = {isa = PBXFileReference; explicitFileType = wrapper.cfbundle; includeInIndex = 0; path = HappinessTests.xctest; sourceTree = BUILT_PRODUCTS_DIR; };
		C02A569D1AA38678004447FB /* Info.plist */ = {isa = PBXFileReference; lastKnownFileType = text.plist.xml; path = Info.plist; sourceTree = "<group>"; };
		C02A569E1AA38678004447FB /* HappinessTests.swift */ = {isa = PBXFileReference; lastKnownFileType = sourcecode.swift; path = HappinessTests.swift; sourceTree = "<group>"; };
		C02A56A81AA386B4004447FB /* HappinessViewController.swift */ = {isa = PBXFileReference; fileEncoding = 4; lastKnownFileType = sourcecode.swift; path = HappinessViewController.swift; sourceTree = "<group>"; };
		C02A56AA1AA386E8004447FB /* FaceView.swift */ = {isa = PBXFileReference; fileEncoding = 4; lastKnownFileType = sourcecode.swift; path = FaceView.swift; sourceTree = "<group>"; };
/* End PBXFileReference section */

/* Begin PBXFrameworksBuildPhase section */
		C02A56801AA38678004447FB /* Frameworks */ = {
			isa = PBXFrameworksBuildPhase;
			buildActionMask = 2147483647;
			files = (
			);
			runOnlyForDeploymentPostprocessing = 0;
		};
		C02A56951AA38678004447FB /* Frameworks */ = {
			isa = PBXFrameworksBuildPhase;
			buildActionMask = 2147483647;
			files = (
			);
			runOnlyForDeploymentPostprocessing = 0;
		};
/* End PBXFrameworksBuildPhase section */

/* Begin PBXGroup section */
		C02A567A1AA38678004447FB = {
			isa = PBXGroup;
			children = (
				C02A56851AA38678004447FB /* Happiness */,
				C02A569B1AA38678004447FB /* HappinessTests */,
				C02A56841AA38678004447FB /* Products */,
			);
			sourceTree = "<group>";
		};
		C02A56841AA38678004447FB /* Products */ = {
			isa = PBXGroup;
			children = (
				C02A56831AA38678004447FB /* Happiness.app */,
				C02A56981AA38678004447FB /* HappinessTests.xctest */,
			);
			name = Products;
			sourceTree = "<group>";
		};
		C02A56851AA38678004447FB /* Happiness */ = {
			isa = PBXGroup;
			children = (
				C02A56A81AA386B4004447FB /* HappinessViewController.swift */,
				C02A56AA1AA386E8004447FB /* FaceView.swift */,
				C02A568C1AA38678004447FB /* Main.storyboard */,
				C02A56911AA38678004447FB /* LaunchScreen.xib */,
				C02A56861AA38678004447FB /* Supporting Files */,
			);
			path = Happiness;
			sourceTree = "<group>";
		};
		C02A56861AA38678004447FB /* Supporting Files */ = {
			isa = PBXGroup;
			children = (
				C02A56881AA38678004447FB /* AppDelegate.swift */,
				C02A568F1AA38678004447FB /* Images.xcassets */,
				C02A56871AA38678004447FB /* Info.plist */,
			);
			name = "Supporting Files";
			sourceTree = "<group>";
		};
		C02A569B1AA38678004447FB /* HappinessTests */ = {
			isa = PBXGroup;
			children = (
				C02A569E1AA38678004447FB /* HappinessTests.swift */,
				C02A569C1AA38678004447FB /* Supporting Files */,
			);
			path = HappinessTests;
			sourceTree = "<group>";
		};
		C02A569C1AA38678004447FB /* Supporting Files */ = {
			isa = PBXGroup;
			children = (
				C02A569D1AA38678004447FB /* Info.plist */,
			);
			name = "Supporting Files";
			sourceTree = "<group>";
		};
/* End PBXGroup section */

/* Begin PBXNativeTarget section */
		C02A56821AA38678004447FB /* Happiness */ = {
			isa = PBXNativeTarget;
			buildConfigurationList = C02A56A21AA38678004447FB /* Build configuration list for PBXNativeTarget "Happiness" */;
			buildPhases = (
				C02A567F1AA38678004447FB /* Sources */,
				C02A56801AA38678004447FB /* Frameworks */,
				C02A56811AA38678004447FB /* Resources */,
			);
			buildRules = (
			);
			dependencies = (
			);
			name = Happiness;
			productName = Happiness;
			productReference = C02A56831AA38678004447FB /* Happiness.app */;
			productType = "com.apple.product-type.application";
		};
		C02A56971AA38678004447FB /* HappinessTests */ = {
			isa = PBXNativeTarget;
			buildConfigurationList = C02A56A51AA38678004447FB /* Build configuration list for PBXNativeTarget "HappinessTests" */;
			buildPhases = (
				C02A56941AA38678004447FB /* Sources */,
				C02A56951AA38678004447FB /* Frameworks */,
				C02A56961AA38678004447FB /* Resources */,
			);
			buildRules = (
			);
			dependencies = (
				C02A569A1AA38678004447FB /* PBXTargetDependency */,
			);
			name = HappinessTests;
			productName = HappinessTests;
			productReference = C02A56981AA38678004447FB /* HappinessTests.xctest */;
			productType = "com.apple.product-type.bundle.unit-test";
		};
/* End PBXNativeTarget section */

/* Begin PBXProject section */
		C02A567B1AA38678004447FB /* Project object */ = {
			isa = PBXProject;
			attributes = {
				LastUpgradeCheck = 0610;
				ORGANIZATIONNAME = kkate;
				TargetAttributes = {
					C02A56821AA38678004447FB = {
						CreatedOnToolsVersion = 6.1.1;
					};
					C02A56971AA38678004447FB = {
						CreatedOnToolsVersion = 6.1.1;
						TestTargetID = C02A56821AA38678004447FB;
					};
				};
			};
			buildConfigurationList = C02A567E1AA38678004447FB /* Build configuration list for PBXProject "Happiness" */;
			compatibilityVersion = "Xcode 3.2";
			developmentRegion = English;
			hasScannedForEncodings = 0;
			knownRegions = (
				en,
				Base,
			);
			mainGroup = C02A567A1AA38678004447FB;
			productRefGroup = C02A56841AA38678004447FB /* Products */;
			projectDirPath = "";
			projectRoot = "";
			targets = (
				C02A56821AA38678004447FB /* Happiness */,
				C02A56971AA38678004447FB /* HappinessTests */,
			);
		};
/* End PBXProject section */

/* Begin PBXResourcesBuildPhase section */
		C02A56811AA38678004447FB /* Resources */ = {
			isa = PBXResourcesBuildPhase;
			buildActionMask = 2147483647;
			files = (
				C02A568E1AA38678004447FB /* Main.storyboard in Resources */,
				C02A56931AA38678004447FB /* LaunchScreen.xib in Resources */,
				C02A56901AA38678004447FB /* Images.xcassets in Resources */,
			);
			runOnlyForDeploymentPostprocessing = 0;
		};
		C02A56961AA38678004447FB /* Resources */ = {
			isa = PBXResourcesBuildPhase;
			buildActionMask = 2147483647;
			files = (
			);
			runOnlyForDeploymentPostprocessing = 0;
		};
/* End PBXResourcesBuildPhase section */

/* Begin PBXSourcesBuildPhase section */
		C02A567F1AA38678004447FB /* Sources */ = {
			isa = PBXSourcesBuildPhase;
			buildActionMask = 2147483647;
			files = (
				C02A56A91AA386B4004447FB /* HappinessViewController.swift in Sources */,
				C02A56891AA38678004447FB /* AppDelegate.swift in Sources */,
				C02A56AB1AA386E8004447FB /* FaceView.swift in Sources */,
			);
			runOnlyForDeploymentPostprocessing = 0;
		};
		C02A56941AA38678004447FB /* Sources */ = {
			isa = PBXSourcesBuildPhase;
			buildActionMask = 2147483647;
			files = (
				C02A569F1AA38678004447FB /* HappinessTests.swift in Sources */,
			);
			runOnlyForDeploymentPostprocessing = 0;
		};
/* End PBXSourcesBuildPhase section */

/* Begin PBXTargetDependency section */
		C02A569A1AA38678004447FB /* PBXTargetDependency */ = {
			isa = PBXTargetDependency;
			target = C02A56821AA38678004447FB /* Happiness */;
			targetProxy = C02A56991AA38678004447FB /* PBXContainerItemProxy */;
		};
/* End PBXTargetDependency section */

/* Begin PBXVariantGroup section */
		C02A568C1AA38678004447FB /* Main.storyboard */ = {
			isa = PBXVariantGroup;
			children = (
				C02A568D1AA38678004447FB /* Base */,
			);
			name = Main.storyboard;
			sourceTree = "<group>";
		};
		C02A56911AA38678004447FB /* LaunchScreen.xib */ = {
			isa = PBXVariantGroup;
			children = (
				C02A56921AA38678004447FB /* Base */,
			);
			name = LaunchScreen.xib;
			sourceTree = "<group>";
		};
/* End PBXVariantGroup section */

/* Begin XCBuildConfiguration section */
		C02A56A01AA38678004447FB /* Debug */ = {
			isa = XCBuildConfiguration;
			buildSettings = {
				ALWAYS_SEARCH_USER_PATHS = NO;
				CLANG_CXX_LANGUAGE_STANDARD = "gnu++0x";
				CLANG_CXX_LIBRARY = "libc++";
				CLANG_ENABLE_MODULES = YES;
				CLANG_ENABLE_OBJC_ARC = YES;
				CLANG_WARN_BOOL_CONVERSION = YES;
				CLANG_WARN_CONSTANT_CONVERSION = YES;
				CLANG_WARN_DIRECT_OBJC_ISA_USAGE = YES_ERROR;
				CLANG_WARN_EMPTY_BODY = YES;
				CLANG_WARN_ENUM_CONVERSION = YES;
				CLANG_WARN_INT_CONVERSION = YES;
				CLANG_WARN_OBJC_ROOT_CLASS = YES_ERROR;
				CLANG_WARN_UNREACHABLE_CODE = YES;
				CLANG_WARN__DUPLICATE_METHOD_MATCH = YES;
				"CODE_SIGN_IDENTITY[sdk=iphoneos*]" = "iPhone Developer";
				COPY_PHASE_STRIP = NO;
				ENABLE_STRICT_OBJC_MSGSEND = YES;
				GCC_C_LANGUAGE_STANDARD = gnu99;
				GCC_DYNAMIC_NO_PIC = NO;
				GCC_OPTIMIZATION_LEVEL = 0;
				GCC_PREPROCESSOR_DEFINITIONS = (
					"DEBUG=1",
					"$(inherited)",
				);
				GCC_SYMBOLS_PRIVATE_EXTERN = NO;
				GCC_WARN_64_TO_32_BIT_CONVERSION = YES;
				GCC_WARN_ABOUT_RETURN_TYPE = YES_ERROR;
				GCC_WARN_UNDECLARED_SELECTOR = YES;
				GCC_WARN_UNINITIALIZED_AUTOS = YES_AGGRESSIVE;
				GCC_WARN_UNUSED_FUNCTION = YES;
				GCC_WARN_UNUSED_VARIABLE = YES;
				IPHONEOS_DEPLOYMENT_TARGET = 8.1;
				MTL_ENABLE_DEBUG_INFO = YES;
				ONLY_ACTIVE_ARCH = YES;
				SDKROOT = iphoneos;
				SWIFT_OPTIMIZATION_LEVEL = "-Onone";
				TARGETED_DEVICE_FAMILY = "1,2";
			};
			name = Debug;
		};
		C02A56A11AA38678004447FB /* Release */ = {
			isa = XCBuildConfiguration;
			buildSettings = {
				ALWAYS_SEARCH_USER_PATHS = NO;
				CLANG_CXX_LANGUAGE_STANDARD = "gnu++0x";
				CLANG_CXX_LIBRARY = "libc++";
				CLANG_ENABLE_MODULES = YES;
				CLANG_ENABLE_OBJC_ARC = YES;
				CLANG_WARN_BOOL_CONVERSION = YES;
				CLANG_WARN_CONSTANT_CONVERSION = YES;
				CLANG_WARN_DIRECT_OBJC_ISA_USAGE = YES_ERROR;
				CLANG_WARN_EMPTY_BODY = YES;
				CLANG_WARN_ENUM_CONVERSION = YES;
				CLANG_WARN_INT_CONVERSION = YES;
				CLANG_WARN_OBJC_ROOT_CLASS = YES_ERROR;
				CLANG_WARN_UNREACHABLE_CODE = YES;
				CLANG_WARN__DUPLICATE_METHOD_MATCH = YES;
				"CODE_SIGN_IDENTITY[sdk=iphoneos*]" = "iPhone Developer";
				COPY_PHASE_STRIP = YES;
				ENABLE_NS_ASSERTIONS = NO;
				ENABLE_STRICT_OBJC_MSGSEND = YES;
				GCC_C_LANGUAGE_STANDARD = gnu99;
				GCC_WARN_64_TO_32_BIT_CONVERSION = YES;
				GCC_WARN_ABOUT_RETURN_TYPE = YES_ERROR;
				GCC_WARN_UNDECLARED_SELECTOR = YES;
				GCC_WARN_UNINITIALIZED_AUTOS = YES_AGGRESSIVE;
				GCC_WARN_UNUSED_FUNCTION = YES;
				GCC_WARN_UNUSED_VARIABLE = YES;
				IPHONEOS_DEPLOYMENT_TARGET = 8.1;
				MTL_ENABLE_DEBUG_INFO = NO;
				SDKROOT = iphoneos;
				TARGETED_DEVICE_FAMILY = "1,2";
				VALIDATE_PRODUCT = YES;
			};
			name = Release;
		};
		C02A56A31AA38678004447FB /* Debug */ = {
			isa = XCBuildConfiguration;
			buildSettings = {
				ASSETCATALOG_COMPILER_APPICON_NAME = AppIcon;
				INFOPLIST_FILE = Happiness/Info.plist;
				LD_RUNPATH_SEARCH_PATHS = "$(inherited) @executable_path/Frameworks";
				PRODUCT_NAME = "$(TARGET_NAME)";
			};
			name = Debug;
		};
		C02A56A41AA38678004447FB /* Release */ = {
			isa = XCBuildConfiguration;
			buildSettings = {
				ASSETCATALOG_COMPILER_APPICON_NAME = AppIcon;
				INFOPLIST_FILE = Happiness/Info.plist;
				LD_RUNPATH_SEARCH_PATHS = "$(inherited) @executable_path/Frameworks";
				PRODUCT_NAME = "$(TARGET_NAME)";
			};
			name = Release;
		};
		C02A56A61AA38678004447FB /* Debug */ = {
			isa = XCBuildConfiguration;
			buildSettings = {
				BUNDLE_LOADER = "$(TEST_HOST)";
				FRAMEWORK_SEARCH_PATHS = (
					"$(SDKROOT)/Developer/Library/Frameworks",
					"$(inherited)",
				);
				GCC_PREPROCESSOR_DEFINITIONS = (
					"DEBUG=1",
					"$(inherited)",
				);
				INFOPLIST_FILE = HappinessTests/Info.plist;
				LD_RUNPATH_SEARCH_PATHS = "$(inherited) @executable_path/Frameworks @loader_path/Frameworks";
				PRODUCT_NAME = "$(TARGET_NAME)";
				TEST_HOST = "$(BUILT_PRODUCTS_DIR)/Happiness.app/Happiness";
			};
			name = Debug;
		};
		C02A56A71AA38678004447FB /* Release */ = {
			isa = XCBuildConfiguration;
			buildSettings = {
				BUNDLE_LOADER = "$(TEST_HOST)";
				FRAMEWORK_SEARCH_PATHS = (
					"$(SDKROOT)/Developer/Library/Frameworks",
					"$(inherited)",
				);
				INFOPLIST_FILE = HappinessTests/Info.plist;
				LD_RUNPATH_SEARCH_PATHS = "$(inherited) @executable_path/Frameworks @loader_path/Frameworks";
				PRODUCT_NAME = "$(TARGET_NAME)";
				TEST_HOST = "$(BUILT_PRODUCTS_DIR)/Happiness.app/Happiness";
			};
			name = Release;
		};
/* End XCBuildConfiguration section */

/* Begin XCConfigurationList section */
		C02A567E1AA38678004447FB /* Build configuration list for PBXProject "Happiness" */ = {
			isa = XCConfigurationList;
			buildConfigurations = (
				C02A56A01AA38678004447FB /* Debug */,
				C02A56A11AA38678004447FB /* Release */,
			);
			defaultConfigurationIsVisible = 0;
			defaultConfigurationName = Release;
		};
		C02A56A21AA38678004447FB /* Build configuration list for PBXNativeTarget "Happiness" */ = {
			isa = XCConfigurationList;
			buildConfigurations = (
				C02A56A31AA38678004447FB /* Debug */,
				C02A56A41AA38678004447FB /* Release */,
			);
			defaultConfigurationIsVisible = 0;
		};
		C02A56A51AA38678004447FB /* Build configuration list for PBXNativeTarget "HappinessTests" */ = {
			isa = XCConfigurationList;
			buildConfigurations = (
				C02A56A61AA38678004447FB /* Debug */,
				C02A56A71AA38678004447FB /* Release */,
			);
			defaultConfigurationIsVisible = 0;
		};
/* End XCConfigurationList section */
	};
	rootObject = C02A567B1AA38678004447FB /* Project object */;
}
